version = 1
requires-python = ">=3.8, <4"
resolution-markers = [
    "python_full_version < '3.11' and platform_system == 'Windows'",
    "python_full_version < '3.11' and platform_system != 'Windows'",
    "python_full_version >= '3.11' and platform_system == 'Windows'",
    "python_full_version >= '3.11' and platform_system != 'Windows'",
]

[[package]]
name = "anyio"
version = "3.7.1"
source = { registry = "https://pypi.org/simple" }
dependencies = [
    { name = "exceptiongroup", marker = "python_full_version < '3.11'" },
    { name = "idna" },
    { name = "sniffio" },
]
sdist = { url = "https://files.pythonhosted.org/packages/28/99/2dfd53fd55ce9838e6ff2d4dac20ce58263798bd1a0dbe18b3a9af3fcfce/anyio-3.7.1.tar.gz", hash = "sha256:44a3c9aba0f5defa43261a8b3efb97891f2bd7d804e0e1f56419befa1adfc780", size = 142927 }
wheels = [
    { url = "https://files.pythonhosted.org/packages/19/24/44299477fe7dcc9cb58d0a57d5a7588d6af2ff403fdd2d47a246c91a3246/anyio-3.7.1-py3-none-any.whl", hash = "sha256:91dee416e570e92c64041bd18b900d1d6fa78dff7048769ce5ac5ddad004fbb5", size = 80896 },
]

[[package]]
name = "asgiref"
version = "3.8.1"
source = { registry = "https://pypi.org/simple" }
dependencies = [
    { name = "typing-extensions", marker = "python_full_version < '3.11'" },
]
sdist = { url = "https://files.pythonhosted.org/packages/29/38/b3395cc9ad1b56d2ddac9970bc8f4141312dbaec28bc7c218b0dfafd0f42/asgiref-3.8.1.tar.gz", hash = "sha256:c343bd80a0bec947a9860adb4c432ffa7db769836c64238fc34bdc3fec84d590", size = 35186 }
wheels = [
    { url = "https://files.pythonhosted.org/packages/39/e3/893e8757be2612e6c266d9bb58ad2e3651524b5b40cf56761e985a28b13e/asgiref-3.8.1-py3-none-any.whl", hash = "sha256:3e1e3ecc849832fe52ccf2cb6686b7a55f82bb1d6aee72a58826471390335e47", size = 23828 },
]

[[package]]
name = "click"
version = "8.1.7"
source = { registry = "https://pypi.org/simple" }
dependencies = [
    { name = "colorama", marker = "platform_system == 'Windows'" },
]
sdist = { url = "https://files.pythonhosted.org/packages/96/d3/f04c7bfcf5c1862a2a5b845c6b2b360488cf47af55dfa79c98f6a6bf98b5/click-8.1.7.tar.gz", hash = "sha256:ca9853ad459e787e2192211578cc907e7594e294c7ccc834310722b41b9ca6de", size = 336121 }
wheels = [
    { url = "https://files.pythonhosted.org/packages/00/2e/d53fa4befbf2cfa713304affc7ca780ce4fc1fd8710527771b58311a3229/click-8.1.7-py3-none-any.whl", hash = "sha256:ae74fb96c20a0277a1d615f1e4d73c8414f5a98db8b799a7931d1582f3390c28", size = 97941 },
]

[[package]]
name = "colorama"
version = "0.4.6"
source = { registry = "https://pypi.org/simple" }
sdist = { url = "https://files.pythonhosted.org/packages/d8/53/6f443c9a4a8358a93a6792e2acffb9d9d5cb0a5cfd8802644b7b1c9a02e4/colorama-0.4.6.tar.gz", hash = "sha256:08695f5cb7ed6e0531a20572697297273c47b8cae5a63ffc6d6ed5c201be6e44", size = 27697 }
wheels = [
    { url = "https://files.pythonhosted.org/packages/d1/d6/3965ed04c63042e047cb6a3e6ed1a63a35087b6a609aa3a15ed8ac56c221/colorama-0.4.6-py2.py3-none-any.whl", hash = "sha256:4f1d9991f5acc0ca119f9d443620b77f9d6b33703e51011c16baf57afb285fc6", size = 25335 },
]

[[package]]
name = "cozyfractal-com"
version = "1.0.0"
source = { editable = "." }
dependencies = [
    { name = "fastapi" },
    { name = "jinja2" },
    { name = "uvicorn" },
]

[package.metadata]
requires-dist = [
    { name = "fastapi", specifier = ">=0.70.0,<0.71" },
    { name = "jinja2", specifier = ">=3.0.2,<4" },
    { name = "uvicorn", specifier = ">=0.15.0,<0.16" },
]

[package.metadata.requires-dev]
dev = []

[[package]]
name = "exceptiongroup"
version = "1.2.1"
source = { registry = "https://pypi.org/simple" }
sdist = { url = "https://files.pythonhosted.org/packages/a0/65/d66b7fbaef021b3c954b3bbb196d21d8a4b97918ea524f82cfae474215af/exceptiongroup-1.2.1.tar.gz", hash = "sha256:a4785e48b045528f5bfe627b6ad554ff32def154f42372786903b7abcfe1aa16", size = 28717 }
wheels = [
    { url = "https://files.pythonhosted.org/packages/01/90/79fe92dd413a9cab314ef5c591b5aa9b9ba787ae4cadab75055b0ae00b33/exceptiongroup-1.2.1-py3-none-any.whl", hash = "sha256:5258b9ed329c5bbdd31a309f53cbfb0b155341807f6ff7606a1e801a891b29ad", size = 16458 },
]

[[package]]
name = "fastapi"
version = "0.70.1"
source = { registry = "https://pypi.org/simple" }
dependencies = [
    { name = "pydantic" },
    { name = "starlette" },
]
sdist = { url = "https://files.pythonhosted.org/packages/90/89/06fe73e915538261626ac4b95b5b8f61938b6150cbed5f9f99c5a16f9719/fastapi-0.70.1.tar.gz", hash = "sha256:21d03979b5336375c66fa5d1f3126c6beca650d5d2166fbb78345a30d33c8d06", size = 6273493 }
wheels = [
    { url = "https://files.pythonhosted.org/packages/ad/63/7f0e93e35e2a5e6dd6d3847d2d1cf6da0482cc2cf6ab52fb149c1550fe1d/fastapi-0.70.1-py3-none-any.whl", hash = "sha256:5367226c7bcd7bfb2e17edaf225fd9a983095b1372281e9a3eb661336fb93748", size = 51937 },
]

[[package]]
name = "h11"
version = "0.14.0"
source = { registry = "https://pypi.org/simple" }
sdist = { url = "https://files.pythonhosted.org/packages/f5/38/3af3d3633a34a3316095b39c8e8fb4853a28a536e55d347bd8d8e9a14b03/h11-0.14.0.tar.gz", hash = "sha256:8f19fbbe99e72420ff35c00b27a34cb9937e902a8b810e2c88300c6f0a3b699d", size = 100418 }
wheels = [
    { url = "https://files.pythonhosted.org/packages/95/04/ff642e65ad6b90db43e668d70ffb6736436c7ce41fcc549f4e9472234127/h11-0.14.0-py3-none-any.whl", hash = "sha256:e3fe4ac4b851c468cc8363d500db52c2ead036020723024a109d37346efaa761", size = 58259 },
]

[[package]]
name = "idna"
version = "3.7"
source = { registry = "https://pypi.org/simple" }
sdist = { url = "https://files.pythonhosted.org/packages/21/ed/f86a79a07470cb07819390452f178b3bef1d375f2ec021ecfc709fc7cf07/idna-3.7.tar.gz", hash = "sha256:028ff3aadf0609c1fd278d8ea3089299412a7a8b9bd005dd08b9f8285bcb5cfc", size = 189575 }
wheels = [
    { url = "https://files.pythonhosted.org/packages/e5/3e/741d8c82801c347547f8a2a06aa57dbb1992be9e948df2ea0eda2c8b79e8/idna-3.7-py3-none-any.whl", hash = "sha256:82fee1fc78add43492d3a1898bfa6d8a904cc97d8427f683ed8e798d07761aa0", size = 66836 },
]

[[package]]
name = "jinja2"
version = "3.1.4"
source = { registry = "https://pypi.org/simple" }
dependencies = [
    { name = "markupsafe" },
]
sdist = { url = "https://files.pythonhosted.org/packages/ed/55/39036716d19cab0747a5020fc7e907f362fbf48c984b14e62127f7e68e5d/jinja2-3.1.4.tar.gz", hash = "sha256:4a3aee7acbbe7303aede8e9648d13b8bf88a429282aa6122a993f0ac800cb369", size = 240245 }
wheels = [
    { url = "https://files.pythonhosted.org/packages/31/80/3a54838c3fb461f6fec263ebf3a3a41771bd05190238de3486aae8540c36/jinja2-3.1.4-py3-none-any.whl", hash = "sha256:bc5dd2abb727a5319567b7a813e6a2e7318c39f4f487cfe6c89c6f9c7d25197d", size = 133271 },
]

[[package]]
name = "markupsafe"
version = "2.1.5"
source = { registry = "https://pypi.org/simple" }
sdist = { url = "https://files.pythonhosted.org/packages/87/5b/aae44c6655f3801e81aa3eef09dbbf012431987ba564d7231722f68df02d/MarkupSafe-2.1.5.tar.gz", hash = "sha256:d283d37a890ba4c1ae73ffadf8046435c76e7bc2247bbb63c00bd1a709c6544b", size = 19384 }
wheels = [
    { url = "https://files.pythonhosted.org/packages/e4/54/ad5eb37bf9d51800010a74e4665425831a9db4e7c4e0fde4352e391e808e/MarkupSafe-2.1.5-cp310-cp310-macosx_10_9_universal2.whl", hash = "sha256:a17a92de5231666cfbe003f0e4b9b3a7ae3afb1ec2845aadc2bacc93ff85febc", size = 18206 },
    { url = "https://files.pythonhosted.org/packages/6a/4a/a4d49415e600bacae038c67f9fecc1d5433b9d3c71a4de6f33537b89654c/MarkupSafe-2.1.5-cp310-cp310-macosx_10_9_x86_64.whl", hash = "sha256:72b6be590cc35924b02c78ef34b467da4ba07e4e0f0454a2c5907f473fc50ce5", size = 14079 },
    { url = "https://files.pythonhosted.org/packages/0a/7b/85681ae3c33c385b10ac0f8dd025c30af83c78cec1c37a6aa3b55e67f5ec/MarkupSafe-2.1.5-cp310-cp310-manylinux_2_17_aarch64.manylinux2014_aarch64.whl", hash = "sha256:e61659ba32cf2cf1481e575d0462554625196a1f2fc06a1c777d3f48e8865d46", size = 26620 },
    { url = "https://files.pythonhosted.org/packages/7c/52/2b1b570f6b8b803cef5ac28fdf78c0da318916c7d2fe9402a84d591b394c/MarkupSafe-2.1.5-cp310-cp310-manylinux_2_17_x86_64.manylinux2014_x86_64.whl", hash = "sha256:2174c595a0d73a3080ca3257b40096db99799265e1c27cc5a610743acd86d62f", size = 25818 },
    { url = "https://files.pythonhosted.org/packages/29/fe/a36ba8c7ca55621620b2d7c585313efd10729e63ef81e4e61f52330da781/MarkupSafe-2.1.5-cp310-cp310-manylinux_2_5_i686.manylinux1_i686.manylinux_2_17_i686.manylinux2014_i686.whl", hash = "sha256:ae2ad8ae6ebee9d2d94b17fb62763125f3f374c25618198f40cbb8b525411900", size = 25493 },
    { url = "https://files.pythonhosted.org/packages/60/ae/9c60231cdfda003434e8bd27282b1f4e197ad5a710c14bee8bea8a9ca4f0/MarkupSafe-2.1.5-cp310-cp310-musllinux_1_1_aarch64.whl", hash = "sha256:075202fa5b72c86ad32dc7d0b56024ebdbcf2048c0ba09f1cde31bfdd57bcfff", size = 30630 },
    { url = "https://files.pythonhosted.org/packages/65/dc/1510be4d179869f5dafe071aecb3f1f41b45d37c02329dfba01ff59e5ac5/MarkupSafe-2.1.5-cp310-cp310-musllinux_1_1_i686.whl", hash = "sha256:598e3276b64aff0e7b3451b72e94fa3c238d452e7ddcd893c3ab324717456bad", size = 29745 },
    { url = "https://files.pythonhosted.org/packages/30/39/8d845dd7d0b0613d86e0ef89549bfb5f61ed781f59af45fc96496e897f3a/MarkupSafe-2.1.5-cp310-cp310-musllinux_1_1_x86_64.whl", hash = "sha256:fce659a462a1be54d2ffcacea5e3ba2d74daa74f30f5f143fe0c58636e355fdd", size = 30021 },
    { url = "https://files.pythonhosted.org/packages/c7/5c/356a6f62e4f3c5fbf2602b4771376af22a3b16efa74eb8716fb4e328e01e/MarkupSafe-2.1.5-cp310-cp310-win32.whl", hash = "sha256:d9fad5155d72433c921b782e58892377c44bd6252b5af2f67f16b194987338a4", size = 16659 },
    { url = "https://files.pythonhosted.org/packages/69/48/acbf292615c65f0604a0c6fc402ce6d8c991276e16c80c46a8f758fbd30c/MarkupSafe-2.1.5-cp310-cp310-win_amd64.whl", hash = "sha256:bf50cd79a75d181c9181df03572cdce0fbb75cc353bc350712073108cba98de5", size = 17213 },
    { url = "https://files.pythonhosted.org/packages/11/e7/291e55127bb2ae67c64d66cef01432b5933859dfb7d6949daa721b89d0b3/MarkupSafe-2.1.5-cp311-cp311-macosx_10_9_universal2.whl", hash = "sha256:629ddd2ca402ae6dbedfceeba9c46d5f7b2a61d9749597d4307f943ef198fc1f", size = 18219 },
    { url = "https://files.pythonhosted.org/packages/6b/cb/aed7a284c00dfa7c0682d14df85ad4955a350a21d2e3b06d8240497359bf/MarkupSafe-2.1.5-cp311-cp311-macosx_10_9_x86_64.whl", hash = "sha256:5b7b716f97b52c5a14bffdf688f971b2d5ef4029127f1ad7a513973cfd818df2", size = 14098 },
    { url = "https://files.pythonhosted.org/packages/1c/cf/35fe557e53709e93feb65575c93927942087e9b97213eabc3fe9d5b25a55/MarkupSafe-2.1.5-cp311-cp311-manylinux_2_17_aarch64.manylinux2014_aarch64.whl", hash = "sha256:6ec585f69cec0aa07d945b20805be741395e28ac1627333b1c5b0105962ffced", size = 29014 },
    { url = "https://files.pythonhosted.org/packages/97/18/c30da5e7a0e7f4603abfc6780574131221d9148f323752c2755d48abad30/MarkupSafe-2.1.5-cp311-cp311-manylinux_2_17_x86_64.manylinux2014_x86_64.whl", hash = "sha256:b91c037585eba9095565a3556f611e3cbfaa42ca1e865f7b8015fe5c7336d5a5", size = 28220 },
    { url = "https://files.pythonhosted.org/packages/0c/40/2e73e7d532d030b1e41180807a80d564eda53babaf04d65e15c1cf897e40/MarkupSafe-2.1.5-cp311-cp311-manylinux_2_5_i686.manylinux1_i686.manylinux_2_17_i686.manylinux2014_i686.whl", hash = "sha256:7502934a33b54030eaf1194c21c692a534196063db72176b0c4028e140f8f32c", size = 27756 },
    { url = "https://files.pythonhosted.org/packages/18/46/5dca760547e8c59c5311b332f70605d24c99d1303dd9a6e1fc3ed0d73561/MarkupSafe-2.1.5-cp311-cp311-musllinux_1_1_aarch64.whl", hash = "sha256:0e397ac966fdf721b2c528cf028494e86172b4feba51d65f81ffd65c63798f3f", size = 33988 },
    { url = "https://files.pythonhosted.org/packages/6d/c5/27febe918ac36397919cd4a67d5579cbbfa8da027fa1238af6285bb368ea/MarkupSafe-2.1.5-cp311-cp311-musllinux_1_1_i686.whl", hash = "sha256:c061bb86a71b42465156a3ee7bd58c8c2ceacdbeb95d05a99893e08b8467359a", size = 32718 },
    { url = "https://files.pythonhosted.org/packages/f8/81/56e567126a2c2bc2684d6391332e357589a96a76cb9f8e5052d85cb0ead8/MarkupSafe-2.1.5-cp311-cp311-musllinux_1_1_x86_64.whl", hash = "sha256:3a57fdd7ce31c7ff06cdfbf31dafa96cc533c21e443d57f5b1ecc6cdc668ec7f", size = 33317 },
    { url = "https://files.pythonhosted.org/packages/00/0b/23f4b2470accb53285c613a3ab9ec19dc944eaf53592cb6d9e2af8aa24cc/MarkupSafe-2.1.5-cp311-cp311-win32.whl", hash = "sha256:397081c1a0bfb5124355710fe79478cdbeb39626492b15d399526ae53422b906", size = 16670 },
    { url = "https://files.pythonhosted.org/packages/b7/a2/c78a06a9ec6d04b3445a949615c4c7ed86a0b2eb68e44e7541b9d57067cc/MarkupSafe-2.1.5-cp311-cp311-win_amd64.whl", hash = "sha256:2b7c57a4dfc4f16f7142221afe5ba4e093e09e728ca65c51f5620c9aaeb9a617", size = 17224 },
    { url = "https://files.pythonhosted.org/packages/53/bd/583bf3e4c8d6a321938c13f49d44024dbe5ed63e0a7ba127e454a66da974/MarkupSafe-2.1.5-cp312-cp312-macosx_10_9_universal2.whl", hash = "sha256:8dec4936e9c3100156f8a2dc89c4b88d5c435175ff03413b443469c7c8c5f4d1", size = 18215 },
    { url = "https://files.pythonhosted.org/packages/48/d6/e7cd795fc710292c3af3a06d80868ce4b02bfbbf370b7cee11d282815a2a/MarkupSafe-2.1.5-cp312-cp312-macosx_10_9_x86_64.whl", hash = "sha256:3c6b973f22eb18a789b1460b4b91bf04ae3f0c4234a0a6aa6b0a92f6f7b951d4", size = 14069 },
    { url = "https://files.pythonhosted.org/packages/51/b5/5d8ec796e2a08fc814a2c7d2584b55f889a55cf17dd1a90f2beb70744e5c/MarkupSafe-2.1.5-cp312-cp312-manylinux_2_17_aarch64.manylinux2014_aarch64.whl", hash = "sha256:ac07bad82163452a6884fe8fa0963fb98c2346ba78d779ec06bd7a6262132aee", size = 29452 },
    { url = "https://files.pythonhosted.org/packages/0a/0d/2454f072fae3b5a137c119abf15465d1771319dfe9e4acbb31722a0fff91/MarkupSafe-2.1.5-cp312-cp312-manylinux_2_17_x86_64.manylinux2014_x86_64.whl", hash = "sha256:f5dfb42c4604dddc8e4305050aa6deb084540643ed5804d7455b5df8fe16f5e5", size = 28462 },
    { url = "https://files.pythonhosted.org/packages/2d/75/fd6cb2e68780f72d47e6671840ca517bda5ef663d30ada7616b0462ad1e3/MarkupSafe-2.1.5-cp312-cp312-manylinux_2_5_i686.manylinux1_i686.manylinux_2_17_i686.manylinux2014_i686.whl", hash = "sha256:ea3d8a3d18833cf4304cd2fc9cbb1efe188ca9b5efef2bdac7adc20594a0e46b", size = 27869 },
    { url = "https://files.pythonhosted.org/packages/b0/81/147c477391c2750e8fc7705829f7351cf1cd3be64406edcf900dc633feb2/MarkupSafe-2.1.5-cp312-cp312-musllinux_1_1_aarch64.whl", hash = "sha256:d050b3361367a06d752db6ead6e7edeb0009be66bc3bae0ee9d97fb326badc2a", size = 33906 },
    { url = "https://files.pythonhosted.org/packages/8b/ff/9a52b71839d7a256b563e85d11050e307121000dcebc97df120176b3ad93/MarkupSafe-2.1.5-cp312-cp312-musllinux_1_1_i686.whl", hash = "sha256:bec0a414d016ac1a18862a519e54b2fd0fc8bbfd6890376898a6c0891dd82e9f", size = 32296 },
    { url = "https://files.pythonhosted.org/packages/88/07/2dc76aa51b481eb96a4c3198894f38b480490e834479611a4053fbf08623/MarkupSafe-2.1.5-cp312-cp312-musllinux_1_1_x86_64.whl", hash = "sha256:58c98fee265677f63a4385256a6d7683ab1832f3ddd1e66fe948d5880c21a169", size = 33038 },
    { url = "https://files.pythonhosted.org/packages/96/0c/620c1fb3661858c0e37eb3cbffd8c6f732a67cd97296f725789679801b31/MarkupSafe-2.1.5-cp312-cp312-win32.whl", hash = "sha256:8590b4ae07a35970728874632fed7bd57b26b0102df2d2b233b6d9d82f6c62ad", size = 16572 },
    { url = "https://files.pythonhosted.org/packages/3f/14/c3554d512d5f9100a95e737502f4a2323a1959f6d0d01e0d0997b35f7b10/MarkupSafe-2.1.5-cp312-cp312-win_amd64.whl", hash = "sha256:823b65d8706e32ad2df51ed89496147a42a2a6e01c13cfb6ffb8b1e92bc910bb", size = 17127 },
    { url = "https://files.pythonhosted.org/packages/f8/ff/2c942a82c35a49df5de3a630ce0a8456ac2969691b230e530ac12314364c/MarkupSafe-2.1.5-cp38-cp38-macosx_10_9_universal2.whl", hash = "sha256:656f7526c69fac7f600bd1f400991cc282b417d17539a1b228617081106feb4a", size = 18192 },
    { url = "https://files.pythonhosted.org/packages/4f/14/6f294b9c4f969d0c801a4615e221c1e084722ea6114ab2114189c5b8cbe0/MarkupSafe-2.1.5-cp38-cp38-macosx_10_9_x86_64.whl", hash = "sha256:97cafb1f3cbcd3fd2b6fbfb99ae11cdb14deea0736fc2b0952ee177f2b813a46", size = 14072 },
    { url = "https://files.pythonhosted.org/packages/81/d4/fd74714ed30a1dedd0b82427c02fa4deec64f173831ec716da11c51a50aa/MarkupSafe-2.1.5-cp38-cp38-manylinux_2_17_aarch64.manylinux2014_aarch64.whl", hash = "sha256:1f3fbcb7ef1f16e48246f704ab79d79da8a46891e2da03f8783a5b6fa41a9532", size = 26928 },
    { url = "https://files.pythonhosted.org/packages/c7/bd/50319665ce81bb10e90d1cf76f9e1aa269ea6f7fa30ab4521f14d122a3df/MarkupSafe-2.1.5-cp38-cp38-manylinux_2_17_x86_64.manylinux2014_x86_64.whl", hash = "sha256:fa9db3f79de01457b03d4f01b34cf91bc0048eb2c3846ff26f66687c2f6d16ab", size = 26106 },
    { url = "https://files.pythonhosted.org/packages/4c/6f/f2b0f675635b05f6afd5ea03c094557bdb8622fa8e673387444fe8d8e787/MarkupSafe-2.1.5-cp38-cp38-manylinux_2_5_i686.manylinux1_i686.manylinux_2_17_i686.manylinux2014_i686.whl", hash = "sha256:ffee1f21e5ef0d712f9033568f8344d5da8cc2869dbd08d87c84656e6a2d2f68", size = 25781 },
    { url = "https://files.pythonhosted.org/packages/51/e0/393467cf899b34a9d3678e78961c2c8cdf49fb902a959ba54ece01273fb1/MarkupSafe-2.1.5-cp38-cp38-musllinux_1_1_aarch64.whl", hash = "sha256:5dedb4db619ba5a2787a94d877bc8ffc0566f92a01c0ef214865e54ecc9ee5e0", size = 30518 },
    { url = "https://files.pythonhosted.org/packages/f6/02/5437e2ad33047290dafced9df741d9efc3e716b75583bbd73a9984f1b6f7/MarkupSafe-2.1.5-cp38-cp38-musllinux_1_1_i686.whl", hash = "sha256:30b600cf0a7ac9234b2638fbc0fb6158ba5bdcdf46aeb631ead21248b9affbc4", size = 29669 },
    { url = "https://files.pythonhosted.org/packages/0e/7d/968284145ffd9d726183ed6237c77938c021abacde4e073020f920e060b2/MarkupSafe-2.1.5-cp38-cp38-musllinux_1_1_x86_64.whl", hash = "sha256:8dd717634f5a044f860435c1d8c16a270ddf0ef8588d4887037c5028b859b0c3", size = 29933 },
    { url = "https://files.pythonhosted.org/packages/bf/f3/ecb00fc8ab02b7beae8699f34db9357ae49d9f21d4d3de6f305f34fa949e/MarkupSafe-2.1.5-cp38-cp38-win32.whl", hash = "sha256:daa4ee5a243f0f20d528d939d06670a298dd39b1ad5f8a72a4275124a7819eff", size = 16656 },
    { url = "https://files.pythonhosted.org/packages/92/21/357205f03514a49b293e214ac39de01fadd0970a6e05e4bf1ddd0ffd0881/MarkupSafe-2.1.5-cp38-cp38-win_amd64.whl", hash = "sha256:619bc166c4f2de5caa5a633b8b7326fbe98e0ccbfacabd87268a2b15ff73a029", size = 17206 },
    { url = "https://files.pythonhosted.org/packages/0f/31/780bb297db036ba7b7bbede5e1d7f1e14d704ad4beb3ce53fb495d22bc62/MarkupSafe-2.1.5-cp39-cp39-macosx_10_9_universal2.whl", hash = "sha256:7a68b554d356a91cce1236aa7682dc01df0edba8d043fd1ce607c49dd3c1edcf", size = 18193 },
    { url = "https://files.pythonhosted.org/packages/6c/77/d77701bbef72892affe060cdacb7a2ed7fd68dae3b477a8642f15ad3b132/MarkupSafe-2.1.5-cp39-cp39-macosx_10_9_x86_64.whl", hash = "sha256:db0b55e0f3cc0be60c1f19efdde9a637c32740486004f20d1cff53c3c0ece4d2", size = 14073 },
    { url = "https://files.pythonhosted.org/packages/d9/a7/1e558b4f78454c8a3a0199292d96159eb4d091f983bc35ef258314fe7269/MarkupSafe-2.1.5-cp39-cp39-manylinux_2_17_aarch64.manylinux2014_aarch64.whl", hash = "sha256:3e53af139f8579a6d5f7b76549125f0d94d7e630761a2111bc431fd820e163b8", size = 26486 },
    { url = "https://files.pythonhosted.org/packages/5f/5a/360da85076688755ea0cceb92472923086993e86b5613bbae9fbc14136b0/MarkupSafe-2.1.5-cp39-cp39-manylinux_2_17_x86_64.manylinux2014_x86_64.whl", hash = "sha256:17b950fccb810b3293638215058e432159d2b71005c74371d784862b7e4683f3", size = 25685 },
    { url = "https://files.pythonhosted.org/packages/6a/18/ae5a258e3401f9b8312f92b028c54d7026a97ec3ab20bfaddbdfa7d8cce8/MarkupSafe-2.1.5-cp39-cp39-manylinux_2_5_i686.manylinux1_i686.manylinux_2_17_i686.manylinux2014_i686.whl", hash = "sha256:4c31f53cdae6ecfa91a77820e8b151dba54ab528ba65dfd235c80b086d68a465", size = 25338 },
    { url = "https://files.pythonhosted.org/packages/0b/cc/48206bd61c5b9d0129f4d75243b156929b04c94c09041321456fd06a876d/MarkupSafe-2.1.5-cp39-cp39-musllinux_1_1_aarch64.whl", hash = "sha256:bff1b4290a66b490a2f4719358c0cdcd9bafb6b8f061e45c7a2460866bf50c2e", size = 30439 },
    { url = "https://files.pythonhosted.org/packages/d1/06/a41c112ab9ffdeeb5f77bc3e331fdadf97fa65e52e44ba31880f4e7f983c/MarkupSafe-2.1.5-cp39-cp39-musllinux_1_1_i686.whl", hash = "sha256:bc1667f8b83f48511b94671e0e441401371dfd0f0a795c7daa4a3cd1dde55bea", size = 29531 },
    { url = "https://files.pythonhosted.org/packages/02/8c/ab9a463301a50dab04d5472e998acbd4080597abc048166ded5c7aa768c8/MarkupSafe-2.1.5-cp39-cp39-musllinux_1_1_x86_64.whl", hash = "sha256:5049256f536511ee3f7e1b3f87d1d1209d327e818e6ae1365e8653d7e3abb6a6", size = 29823 },
    { url = "https://files.pythonhosted.org/packages/bc/29/9bc18da763496b055d8e98ce476c8e718dcfd78157e17f555ce6dd7d0895/MarkupSafe-2.1.5-cp39-cp39-win32.whl", hash = "sha256:00e046b6dd71aa03a41079792f8473dc494d564611a8f89bbbd7cb93295ebdcf", size = 16658 },
    { url = "https://files.pythonhosted.org/packages/f6/f8/4da07de16f10551ca1f640c92b5f316f9394088b183c6a57183df6de5ae4/MarkupSafe-2.1.5-cp39-cp39-win_amd64.whl", hash = "sha256:fa173ec60341d6bb97a89f5ea19c85c5643c1e7dedebc22f5181eb73573142c5", size = 17211 },
]

[[package]]
name = "pydantic"
version = "1.10.17"
source = { registry = "https://pypi.org/simple" }
dependencies = [
    { name = "typing-extensions" },
]
sdist = { url = "https://files.pythonhosted.org/packages/22/e6/1ab731db504d13963026a73c15a01d446cb11cf52f3bbec9e44de054dbde/pydantic-1.10.17.tar.gz", hash = "sha256:f434160fb14b353caf634149baaf847206406471ba70e64657c1e8330277a991", size = 353740 }
wheels = [
    { url = "https://files.pythonhosted.org/packages/fe/28/0e5b14f8bb32f4527a1eaf6fb4af4baf0e7d6b6ba2cdce9861a3ce4c2331/pydantic-1.10.17-cp310-cp310-macosx_10_9_x86_64.whl", hash = "sha256:0fa51175313cc30097660b10eec8ca55ed08bfa07acbfe02f7a42f6c242e9a4b", size = 2608407 },
    { url = "https://files.pythonhosted.org/packages/5d/1e/0bc197ae94b9096a0ee1819532085b847a54a3610f6b51be027567341e80/pydantic-1.10.17-cp310-cp310-macosx_11_0_arm64.whl", hash = "sha256:c7e8988bb16988890c985bd2093df9dd731bfb9d5e0860db054c23034fab8f7a", size = 2295610 },
    { url = "https://files.pythonhosted.org/packages/ef/a6/080cace699e89a94bd4bf34e8c12821d1f05fe4d56a0742f797b231d9a40/pydantic-1.10.17-cp310-cp310-manylinux_2_17_x86_64.manylinux2014_x86_64.whl", hash = "sha256:371dcf1831f87c9e217e2b6a0c66842879a14873114ebb9d0861ab22e3b5bb1e", size = 3120209 },
    { url = "https://files.pythonhosted.org/packages/c4/e6/7363b9722fc76de37174d90fe1a9684234b71c2d0fd1415c48943483eeaf/pydantic-1.10.17-cp310-cp310-manylinux_2_5_i686.manylinux1_i686.manylinux_2_17_i686.manylinux2014_i686.whl", hash = "sha256:4866a1579c0c3ca2c40575398a24d805d4db6cb353ee74df75ddeee3c657f9a7", size = 3148604 },
    { url = "https://files.pythonhosted.org/packages/ab/01/2f0814eeda187c528235afd691b4dc984948491264462e1d78c63db1e172/pydantic-1.10.17-cp310-cp310-musllinux_1_1_i686.whl", hash = "sha256:543da3c6914795b37785703ffc74ba4d660418620cc273490d42c53949eeeca6", size = 3179426 },
    { url = "https://files.pythonhosted.org/packages/40/5c/5be0aadacc38ffab970d23c5fe850983dfa909effb99c1f2954bae1e506e/pydantic-1.10.17-cp310-cp310-musllinux_1_1_x86_64.whl", hash = "sha256:7623b59876f49e61c2e283551cc3647616d2fbdc0b4d36d3d638aae8547ea681", size = 3140929 },
    { url = "https://files.pythonhosted.org/packages/a8/d7/26bd213498ebac510114740952353ec6a53145a6021dd887ac6908f6d601/pydantic-1.10.17-cp310-cp310-win_amd64.whl", hash = "sha256:409b2b36d7d7d19cd8310b97a4ce6b1755ef8bd45b9a2ec5ec2b124db0a0d8f3", size = 2137943 },
    { url = "https://files.pythonhosted.org/packages/d6/46/f49661a083fee00af12638f3aa16de1ff296db33180ed241a91619bf660a/pydantic-1.10.17-cp311-cp311-macosx_10_9_x86_64.whl", hash = "sha256:fa43f362b46741df8f201bf3e7dff3569fa92069bcc7b4a740dea3602e27ab7a", size = 2582361 },
    { url = "https://files.pythonhosted.org/packages/5c/ee/0dd028b9821766c4b1bc556ee2d72b262c6dff4995eceaed8aa7930d735b/pydantic-1.10.17-cp311-cp311-macosx_11_0_arm64.whl", hash = "sha256:2a72d2a5ff86a3075ed81ca031eac86923d44bc5d42e719d585a8eb547bf0c9b", size = 2267314 },
    { url = "https://files.pythonhosted.org/packages/8e/78/20ff81dedf6107c1e613dac3d60b1f6bc81e728b0a41040b7c9d6f89bf7e/pydantic-1.10.17-cp311-cp311-manylinux_2_17_x86_64.manylinux2014_x86_64.whl", hash = "sha256:b4ad32aed3bf5eea5ca5decc3d1bbc3d0ec5d4fbcd72a03cdad849458decbc63", size = 3086516 },
    { url = "https://files.pythonhosted.org/packages/b8/1b/2a479ef10b3d0eda97ab41f577f6167e468b79b5f7c9e64e5ec8c10a504b/pydantic-1.10.17-cp311-cp311-manylinux_2_5_i686.manylinux1_i686.manylinux_2_17_i686.manylinux2014_i686.whl", hash = "sha256:aeb4e741782e236ee7dc1fb11ad94dc56aabaf02d21df0e79e0c21fe07c95741", size = 3117429 },
    { url = "https://files.pythonhosted.org/packages/48/cb/e6635bcf67cd097cac8d26e071c18f0db588ac91ee2a21dfb051be110e45/pydantic-1.10.17-cp311-cp311-musllinux_1_1_i686.whl", hash = "sha256:d2f89a719411cb234105735a520b7c077158a81e0fe1cb05a79c01fc5eb59d3c", size = 3161996 },
    { url = "https://files.pythonhosted.org/packages/b0/33/503a496b7d171c261e70318d79cc2bd0dcd7e0711cf37dc77f7b53ec72a0/pydantic-1.10.17-cp311-cp311-musllinux_1_1_x86_64.whl", hash = "sha256:db3b48d9283d80a314f7a682f7acae8422386de659fffaba454b77a083c3937d", size = 3112650 },
    { url = "https://files.pythonhosted.org/packages/ee/79/4b1be8350bd9755a895fad95a0152bf771d3bad272f7385809b2503baf42/pydantic-1.10.17-cp311-cp311-win_amd64.whl", hash = "sha256:9c803a5113cfab7bbb912f75faa4fc1e4acff43e452c82560349fff64f852e1b", size = 2116994 },
    { url = "https://files.pythonhosted.org/packages/a6/ba/7242677fbb844fed4f090120dbc7ed56776f1a498aacd58a79e895f83051/pydantic-1.10.17-cp312-cp312-macosx_10_9_x86_64.whl", hash = "sha256:820ae12a390c9cbb26bb44913c87fa2ff431a029a785642c1ff11fed0a095fcb", size = 2410370 },
    { url = "https://files.pythonhosted.org/packages/27/de/3a24f8fb45b922749a1fdbc52ae00508437d66138a40848f6635381dd0ec/pydantic-1.10.17-cp312-cp312-macosx_11_0_arm64.whl", hash = "sha256:c1e51d1af306641b7d1574d6d3307eaa10a4991542ca324f0feb134fee259815", size = 2163618 },
    { url = "https://files.pythonhosted.org/packages/ab/31/10fa577a43381671f0a8a479a2762be073d1ecd1b655e96fd493512bab51/pydantic-1.10.17-cp312-cp312-manylinux_2_17_x86_64.manylinux2014_x86_64.whl", hash = "sha256:9e53fb834aae96e7b0dadd6e92c66e7dd9cdf08965340ed04c16813102a47fab", size = 2796816 },
    { url = "https://files.pythonhosted.org/packages/e7/98/83021a215393947ec034bdf29a193d29cebac66dc9591ce4179b84efbb4c/pydantic-1.10.17-cp312-cp312-manylinux_2_5_i686.manylinux1_i686.manylinux_2_17_i686.manylinux2014_i686.whl", hash = "sha256:0e2495309b1266e81d259a570dd199916ff34f7f51f1b549a0d37a6d9b17b4dc", size = 2827999 },
    { url = "https://files.pythonhosted.org/packages/4e/99/43179c802dda0b4278458cefefb6e65280c5e29bb708a8b4b621bc7a0b38/pydantic-1.10.17-cp312-cp312-musllinux_1_1_i686.whl", hash = "sha256:098ad8de840c92ea586bf8efd9e2e90c6339d33ab5c1cfbb85be66e4ecf8213f", size = 2860092 },
    { url = "https://files.pythonhosted.org/packages/a5/13/6cb4911feeb37950286c6bf9a2feee74a39803ccf4e50d8c129503abe8b4/pydantic-1.10.17-cp312-cp312-musllinux_1_1_x86_64.whl", hash = "sha256:525bbef620dac93c430d5d6bdbc91bdb5521698d434adf4434a7ef6ffd5c4b7f", size = 2820569 },
    { url = "https://files.pythonhosted.org/packages/92/a1/6824dfb2520339d5cc889c90bf1f756e668c59c49165132ddcce378facab/pydantic-1.10.17-cp312-cp312-win_amd64.whl", hash = "sha256:6654028d1144df451e1da69a670083c27117d493f16cf83da81e1e50edce72ad", size = 1943385 },
    { url = "https://files.pythonhosted.org/packages/a9/16/b163171de62601bc5f799458f260219091b01858258abe975b788d76ec12/pydantic-1.10.17-cp38-cp38-macosx_10_9_x86_64.whl", hash = "sha256:bfbb18b616abc4df70591b8c1ff1b3eabd234ddcddb86b7cac82657ab9017e33", size = 2644508 },
    { url = "https://files.pythonhosted.org/packages/7a/b5/9290aa0467519d90789a06af03efd2a9b8cd37a37cb5f14af7edce414526/pydantic-1.10.17-cp38-cp38-macosx_11_0_arm64.whl", hash = "sha256:ebb249096d873593e014535ab07145498957091aa6ae92759a32d40cb9998e2e", size = 2336521 },
    { url = "https://files.pythonhosted.org/packages/4d/4f/a901c03e47c976a260610564ce525c1e6685720f2825ac003daa0443c3b5/pydantic-1.10.17-cp38-cp38-manylinux_2_17_x86_64.manylinux2014_x86_64.whl", hash = "sha256:d8c209af63ccd7b22fba94b9024e8b7fd07feffee0001efae50dd99316b27768", size = 3218214 },
    { url = "https://files.pythonhosted.org/packages/8c/0d/06fd1904b680b43037bf381be90d9b1d77830ab2a5eae99ef7fa5c58b363/pydantic-1.10.17-cp38-cp38-manylinux_2_5_i686.manylinux1_i686.manylinux_2_17_i686.manylinux2014_i686.whl", hash = "sha256:d4b40c9e13a0b61583e5599e7950490c700297b4a375b55b2b592774332798b7", size = 3235698 },
    { url = "https://files.pythonhosted.org/packages/83/39/2b44486a4bfccc5cdaaf3577778669668227d278afda3b349a16691de613/pydantic-1.10.17-cp38-cp38-musllinux_1_1_i686.whl", hash = "sha256:c31d281c7485223caf6474fc2b7cf21456289dbaa31401844069b77160cab9c7", size = 3262676 },
    { url = "https://files.pythonhosted.org/packages/af/51/1156039a9b9adca98293ee508c2cb54486c1ba5d365e276a0e2b81bdf314/pydantic-1.10.17-cp38-cp38-musllinux_1_1_x86_64.whl", hash = "sha256:ae5184e99a060a5c80010a2d53c99aee76a3b0ad683d493e5f0620b5d86eeb75", size = 3241192 },
    { url = "https://files.pythonhosted.org/packages/27/5a/1c80c3f0f675a8c6ae89b89650a170aac19ac58436268bc43f34b8320c14/pydantic-1.10.17-cp38-cp38-win_amd64.whl", hash = "sha256:ad1e33dc6b9787a6f0f3fd132859aa75626528b49cc1f9e429cdacb2608ad5f0", size = 2241910 },
    { url = "https://files.pythonhosted.org/packages/6b/a2/5f03a2853dfff7e15273378db2c6ec1398595f27239a7694d2f589853a91/pydantic-1.10.17-cp39-cp39-macosx_10_9_x86_64.whl", hash = "sha256:7e17c0ee7192e54a10943f245dc79e36d9fe282418ea05b886e1c666063a7b54", size = 2599701 },
    { url = "https://files.pythonhosted.org/packages/0c/cf/d2b308b90c5b329b68028b5171f933f4991e91916cafee9b70e98d29c948/pydantic-1.10.17-cp39-cp39-macosx_11_0_arm64.whl", hash = "sha256:cafb9c938f61d1b182dfc7d44a7021326547b7b9cf695db5b68ec7b590214773", size = 2289153 },
    { url = "https://files.pythonhosted.org/packages/33/e4/2cf3cbb063ba0fa6438ffd923ea37d8e2b4f8ba0bad5a49ca07fac44d621/pydantic-1.10.17-cp39-cp39-manylinux_2_17_x86_64.manylinux2014_x86_64.whl", hash = "sha256:95ef534e3c22e5abbdbdd6f66b6ea9dac3ca3e34c5c632894f8625d13d084cbe", size = 3214761 },
    { url = "https://files.pythonhosted.org/packages/8e/b3/589540b67291f2cfe3f058311f3b9dd3533a9659748c97d61a2cc1bef795/pydantic-1.10.17-cp39-cp39-manylinux_2_5_i686.manylinux1_i686.manylinux_2_17_i686.manylinux2014_i686.whl", hash = "sha256:62d96b8799ae3d782df7ec9615cb59fc32c32e1ed6afa1b231b0595f6516e8ab", size = 3227687 },
    { url = "https://files.pythonhosted.org/packages/f1/9a/80f2a4ead403ddbe26fd9607a5964e362e427770af445651d0a3afe3d51f/pydantic-1.10.17-cp39-cp39-musllinux_1_1_i686.whl", hash = "sha256:ab2f976336808fd5d539fdc26eb51f9aafc1f4b638e212ef6b6f05e753c8011d", size = 3259779 },
    { url = "https://files.pythonhosted.org/packages/a7/b5/3f223b0718c7c6d7ab1f5682bcf42888f6f279e0a26515529db78eb53441/pydantic-1.10.17-cp39-cp39-musllinux_1_1_x86_64.whl", hash = "sha256:b8ad363330557beac73159acfbeed220d5f1bfcd6b930302a987a375e02f74fd", size = 3232312 },
    { url = "https://files.pythonhosted.org/packages/4e/cd/5be0ef61b7572823a5d9f16d27527a147d3e0135490a60414aa683903c5e/pydantic-1.10.17-cp39-cp39-win_amd64.whl", hash = "sha256:48db882e48575ce4b39659558b2f9f37c25b8d348e37a2b4e32971dd5a7d6227", size = 2205999 },
    { url = "https://files.pythonhosted.org/packages/63/01/2631480d9f2c0dbf27852209f7e6fb58f33e1877e85a025a3d3fb0ae96c6/pydantic-1.10.17-py3-none-any.whl", hash = "sha256:e41b5b973e5c64f674b3b4720286ded184dcc26a691dd55f34391c62c6934688", size = 165479 },
]

[[package]]
name = "sniffio"
version = "1.3.1"
source = { registry = "https://pypi.org/simple" }
sdist = { url = "https://files.pythonhosted.org/packages/a2/87/a6771e1546d97e7e041b6ae58d80074f81b7d5121207425c964ddf5cfdbd/sniffio-1.3.1.tar.gz", hash = "sha256:f4324edc670a0f49750a81b895f35c3adb843cca46f0530f79fc1babb23789dc", size = 20372 }
wheels = [
    { url = "https://files.pythonhosted.org/packages/e9/44/75a9c9421471a6c4805dbf2356f7c181a29c1879239abab1ea2cc8f38b40/sniffio-1.3.1-py3-none-any.whl", hash = "sha256:2f6da418d1f1e0fddd844478f41680e794e6051915791a034ff65e5f100525a2", size = 10235 },
]

[[package]]
name = "starlette"
version = "0.16.0"
source = { registry = "https://pypi.org/simple" }
dependencies = [
    { name = "anyio" },
]
sdist = { url = "https://files.pythonhosted.org/packages/f8/df/a8d016fd23b72cd0264f48bdf9897179156e8c30118978b40460a1e18bd2/starlette-0.16.0.tar.gz", hash = "sha256:e1904b5d0007aee24bdd3c43994be9b3b729f4f58e740200de1d623f8c3a8870", size = 51329 }
wheels = [
    { url = "https://files.pythonhosted.org/packages/20/74/4e60dbbf61567bf5adea89433068d5f7c18c86ca77617b5de5b3ddd83f62/starlette-0.16.0-py3-none-any.whl", hash = "sha256:38eb24bf705a2c317e15868e384c1b8a12ca396e5a3c3a003db7e667c43f939f", size = 61691 },
]

[[package]]
name = "typing-extensions"
version = "4.12.2"
source = { registry = "https://pypi.org/simple" }
sdist = { url = "https://files.pythonhosted.org/packages/df/db/f35a00659bc03fec321ba8bce9420de607a1d37f8342eee1863174c69557/typing_extensions-4.12.2.tar.gz", hash = "sha256:1a7ead55c7e559dd4dee8856e3a88b41225abfe1ce8df57b7c13915fe121ffb8", size = 85321 }
wheels = [
    { url = "https://files.pythonhosted.org/packages/26/9f/ad63fc0248c5379346306f8668cda6e2e2e9c95e01216d2b8ffd9ff037d0/typing_extensions-4.12.2-py3-none-any.whl", hash = "sha256:04e5ca0351e0f3f85c6853954072df659d0d13fac324d0072316b67d7794700d", size = 37438 },
]

[[package]]
name = "uvicorn"
version = "0.15.0"
source = { registry = "https://pypi.org/simple" }
dependencies = [
    { name = "asgiref" },
    { name = "click" },
    { name = "h11" },
]
sdist = { url = "https://files.pythonhosted.org/packages/3c/06/758c0ce8fe0053a86c99824c69eaabf0dacf2a0d935a9cfde18bbef9360a/uvicorn-0.15.0.tar.gz", hash = "sha256:d9a3c0dd1ca86728d3e235182683b4cf94cd53a867c288eaeca80ee781b2caff", size = 39025 }
wheels = [
    { url = "https://files.pythonhosted.org/packages/6f/d0/2c2f4e88d63a8f8891419ca02e029e3a7200ab8f64a3628517cf35ff0379/uvicorn-0.15.0-py3-none-any.whl", hash = "sha256:17f898c64c71a2640514d4089da2689e5db1ce5d4086c2d53699bf99513421c1", size = 54427 },
]
